
Microsoft Visual Studio Solution File, Format Version 12.00
# Visual Studio 2013
VisualStudioVersion = 12.0.30501.0
MinimumVisualStudioVersion = 10.0.40219.1
Project("{FAE04EC0-301F-11D3-BF4B-00C04F79EFBC}") = "Combinations", "Combinations\Combinations.csproj", "{7565AFC1-D59B-4CC7-B974-C365FFD50EC1}"
EndProject
Project("{2150E333-8FDC-42A3-9474-1A3956D46DE8}") = "Sorting", "Sorting", "{E276B6B0-0778-48B4-B61B-92F396AB55AE}"
EndProject
Project("{FAE04EC0-301F-11D3-BF4B-00C04F79EFBC}") = "SortingApp", "SortingApp\SortingApp.csproj", "{9BCBC1A8-379E-4730-9F44-870847463BF4}"
EndProject
Project("{FAE04EC0-301F-11D3-BF4B-00C04F79EFBC}") = "SortingAlgorithms", "SortingAlgorithms\SortingAlgorithms.csproj", "{793B3AA6-B167-4DB0-A81B-3EB6809227D5}"
EndProject
Project("{2150E333-8FDC-42A3-9474-1A3956D46DE8}") = "DecentNumber", "DecentNumber", "{A3952B3B-3AA1-4674-9F50-A75FD408FC14}"
EndProject
Project("{FAE04EC0-301F-11D3-BF4B-00C04F79EFBC}") = "FindDecentNumber", "FindDecentNumber\FindDecentNumber.csproj", "{C8F0DAE7-C68E-4903-AB71-48E05EFD75D3}"
EndProject
Project("{FAE04EC0-301F-11D3-BF4B-00C04F79EFBC}") = "DecentNumberTest", "DecentNumberTest\DecentNumberTest.csproj", "{E7A663D6-B316-4A9D-95F7-800269D56431}"
EndProject
Project("{FAE04EC0-301F-11D3-BF4B-00C04F79EFBC}") = "DecentNumberApp", "DecentNumberApp\DecentNumberApp.csproj", "{EF1E8FA2-547C-4B9D-B49F-81C2728A3EA1}"
EndProject
Project("{2150E333-8FDC-42A3-9474-1A3956D46DE8}") = "MVVM", "MVVM", "{7C1CB0C8-8FA2-4DE1-97E8-D3FB7A1E8C3A}"
EndProject
Project("{2150E333-8FDC-42A3-9474-1A3956D46DE8}") = "IL Test", "IL Test", "{683F7026-0210-4D77-A3EE-BB682C61C8F1}"
EndProject
Project("{FAE04EC0-301F-11D3-BF4B-00C04F79EFBC}") = "IL_Test", "IL_Test\IL_Test.csproj", "{582FB95A-47B8-41C3-B552-D068F420FD85}"
EndProject
Project("{FAE04EC0-301F-11D3-BF4B-00C04F79EFBC}") = "Palindrom", "Palindrom\Palindrom.csproj", "{1CCD8BDF-9B83-4E8D-B70F-F26A1A5C131B}"
EndProject
Project("{FAE04EC0-301F-11D3-BF4B-00C04F79EFBC}") = "LongestPath", "LongestPath\LongestPath.csproj", "{E33A1A3B-6C45-4325-A0C4-CBBD131BC337}"
EndProject
Project("{FAE04EC0-301F-11D3-BF4B-00C04F79EFBC}") = "StateMachine", "Expert\StateMachine.csproj", "{F2671FAF-8A13-47A6-B836-32A087940705}"
EndProject
Global
	GlobalSection(SolutionConfigurationPlatforms) = preSolution
		Debug|Any CPU = Debug|Any CPU
		Release|Any CPU = Release|Any CPU
	EndGlobalSection
	GlobalSection(ProjectConfigurationPlatforms) = postSolution
		{7565AFC1-D59B-4CC7-B974-C365FFD50EC1}.Debug|Any CPU.ActiveCfg = Debug|Any CPU
		{7565AFC1-D59B-4CC7-B974-C365FFD50EC1}.Debug|Any CPU.Build.0 = Debug|Any CPU
		{7565AFC1-D59B-4CC7-B974-C365FFD50EC1}.Release|Any CPU.ActiveCfg = Release|Any CPU
		{7565AFC1-D59B-4CC7-B974-C365FFD50EC1}.Release|Any CPU.Build.0 = Release|Any CPU
		{9BCBC1A8-379E-4730-9F44-870847463BF4}.Debug|Any CPU.ActiveCfg = Debug|Any CPU
		{9BCBC1A8-379E-4730-9F44-870847463BF4}.Debug|Any CPU.Build.0 = Debug|Any CPU
		{9BCBC1A8-379E-4730-9F44-870847463BF4}.Release|Any CPU.ActiveCfg = Release|Any CPU
		{9BCBC1A8-379E-4730-9F44-870847463BF4}.Release|Any CPU.Build.0 = Release|Any CPU
		{793B3AA6-B167-4DB0-A81B-3EB6809227D5}.Debug|Any CPU.ActiveCfg = Debug|Any CPU
		{793B3AA6-B167-4DB0-A81B-3EB6809227D5}.Debug|Any CPU.Build.0 = Debug|Any CPU
		{793B3AA6-B167-4DB0-A81B-3EB6809227D5}.Release|Any CPU.ActiveCfg = Release|Any CPU
		{793B3AA6-B167-4DB0-A81B-3EB6809227D5}.Release|Any CPU.Build.0 = Release|Any CPU
		{C8F0DAE7-C68E-4903-AB71-48E05EFD75D3}.Debug|Any CPU.ActiveCfg = Debug|Any CPU
		{C8F0DAE7-C68E-4903-AB71-48E05EFD75D3}.Debug|Any CPU.Build.0 = Debug|Any CPU
		{C8F0DAE7-C68E-4903-AB71-48E05EFD75D3}.Release|Any CPU.ActiveCfg = Release|Any CPU
		{C8F0DAE7-C68E-4903-AB71-48E05EFD75D3}.Release|Any CPU.Build.0 = Release|Any CPU
		{E7A663D6-B316-4A9D-95F7-800269D56431}.Debug|Any CPU.ActiveCfg = Debug|Any CPU
		{E7A663D6-B316-4A9D-95F7-800269D56431}.Debug|Any CPU.Build.0 = Debug|Any CPU
		{E7A663D6-B316-4A9D-95F7-800269D56431}.Release|Any CPU.ActiveCfg = Release|Any CPU
		{E7A663D6-B316-4A9D-95F7-800269D56431}.Release|Any CPU.Build.0 = Release|Any CPU
		{EF1E8FA2-547C-4B9D-B49F-81C2728A3EA1}.Debug|Any CPU.ActiveCfg = Debug|Any CPU
		{EF1E8FA2-547C-4B9D-B49F-81C2728A3EA1}.Debug|Any CPU.Build.0 = Debug|Any CPU
		{EF1E8FA2-547C-4B9D-B49F-81C2728A3EA1}.Release|Any CPU.ActiveCfg = Release|Any CPU
		{EF1E8FA2-547C-4B9D-B49F-81C2728A3EA1}.Release|Any CPU.Build.0 = Release|Any CPU
		{582FB95A-47B8-41C3-B552-D068F420FD85}.Debug|Any CPU.ActiveCfg = Debug|Any CPU
		{582FB95A-47B8-41C3-B552-D068F420FD85}.Debug|Any CPU.Build.0 = Debug|Any CPU
		{582FB95A-47B8-41C3-B552-D068F420FD85}.Release|Any CPU.ActiveCfg = Release|Any CPU
		{582FB95A-47B8-41C3-B552-D068F420FD85}.Release|Any CPU.Build.0 = Release|Any CPU
		{1CCD8BDF-9B83-4E8D-B70F-F26A1A5C131B}.Debug|Any CPU.ActiveCfg = Debug|Any CPU
		{1CCD8BDF-9B83-4E8D-B70F-F26A1A5C131B}.Debug|Any CPU.Build.0 = Debug|Any CPU
		{1CCD8BDF-9B83-4E8D-B70F-F26A1A5C131B}.Release|Any CPU.ActiveCfg = Release|Any CPU
		{1CCD8BDF-9B83-4E8D-B70F-F26A1A5C131B}.Release|Any CPU.Build.0 = Release|Any CPU
		{E33A1A3B-6C45-4325-A0C4-CBBD131BC337}.Debug|Any CPU.ActiveCfg = Debug|Any CPU
		{E33A1A3B-6C45-4325-A0C4-CBBD131BC337}.Debug|Any CPU.Build.0 = Debug|Any CPU
		{E33A1A3B-6C45-4325-A0C4-CBBD131BC337}.Release|Any CPU.ActiveCfg = Release|Any CPU
		{E33A1A3B-6C45-4325-A0C4-CBBD131BC337}.Release|Any CPU.Build.0 = Release|Any CPU
		{F2671FAF-8A13-47A6-B836-32A087940705}.Debug|Any CPU.ActiveCfg = Debug|Any CPU
		{F2671FAF-8A13-47A6-B836-32A087940705}.Debug|Any CPU.Build.0 = Debug|Any CPU
		{F2671FAF-8A13-47A6-B836-32A087940705}.Release|Any CPU.ActiveCfg = Release|Any CPU
		{F2671FAF-8A13-47A6-B836-32A087940705}.Release|Any CPU.Build.0 = Release|Any CPU
	EndGlobalSection
	GlobalSection(SolutionProperties) = preSolution
		HideSolutionNode = FALSE
	EndGlobalSection
	GlobalSection(NestedProjects) = preSolution
		{9BCBC1A8-379E-4730-9F44-870847463BF4} = {E276B6B0-0778-48B4-B61B-92F396AB55AE}
		{793B3AA6-B167-4DB0-A81B-3EB6809227D5} = {E276B6B0-0778-48B4-B61B-92F396AB55AE}
		{C8F0DAE7-C68E-4903-AB71-48E05EFD75D3} = {A3952B3B-3AA1-4674-9F50-A75FD408FC14}
		{E7A663D6-B316-4A9D-95F7-800269D56431} = {A3952B3B-3AA1-4674-9F50-A75FD408FC14}
		{EF1E8FA2-547C-4B9D-B49F-81C2728A3EA1} = {A3952B3B-3AA1-4674-9F50-A75FD408FC14}
		{582FB95A-47B8-41C3-B552-D068F420FD85} = {683F7026-0210-4D77-A3EE-BB682C61C8F1}
	EndGlobalSection
EndGlobal
